{
  "name": "aina_bubble_map",
  "version": "1.0.0",
  "lockfileVersion": 1,
  "requires": true,
  "dependencies": {
    "@geoman-io/leaflet-geoman-free": {
      "version": "2.7.0",
      "resolved": "https://registry.npmjs.org/@geoman-io/leaflet-geoman-free/-/leaflet-geoman-free-2.7.0.tgz",
      "integrity": "sha512-gMwZ/3H32NNpyE+rL/sZKSYdWPeE4HS4sKB014aEiSCK0CW2bIB4QkWoqcT+XYzF41swSXdLT4pjrB95Potk4w==",
      "requires": {
        "@turf/kinks": "6.x",
        "@turf/line-intersect": "^6.0.2",
        "lodash": "^4.17.15",
        "polygon-clipping": "^0.15.1"
      }
    },
    "@rollup/plugin-node-resolve": {
      "version": "9.0.0",
      "resolved": "https://registry.npmjs.org/@rollup/plugin-node-resolve/-/plugin-node-resolve-9.0.0.tgz",
      "integrity": "sha512-gPz+utFHLRrd41WMP13Jq5mqqzHL3OXrfj3/MkSyB6UBIcuNt9j60GCbarzMzdf1VHFpOxfQh/ez7wyadLMqkg==",
      "dev": true,
      "requires": {
        "@rollup/pluginutils": "^3.1.0",
        "@types/resolve": "1.17.1",
        "builtin-modules": "^3.1.0",
        "deepmerge": "^4.2.2",
        "is-module": "^1.0.0",
        "resolve": "^1.17.0"
      }
    },
    "@rollup/plugin-replace": {
      "version": "2.3.3",
      "resolved": "https://registry.npmjs.org/@rollup/plugin-replace/-/plugin-replace-2.3.3.tgz",
      "integrity": "sha512-XPmVXZ7IlaoWaJLkSCDaa0Y6uVo5XQYHhiMFzOd5qSv5rE+t/UJToPIOE56flKIxBFQI27ONsxb7dqHnwSsjKQ==",
      "dev": true,
      "requires": {
        "@rollup/pluginutils": "^3.0.8",
        "magic-string": "^0.25.5"
      }
    },
    "@rollup/pluginutils": {
      "version": "3.1.0",
      "resolved": "https://registry.npmjs.org/@rollup/pluginutils/-/pluginutils-3.1.0.tgz",
      "integrity": "sha512-GksZ6pr6TpIjHm8h9lSQ8pi8BE9VeubNT0OMJ3B5uZJ8pz73NPiqOtCog/x2/QzM1ENChPKxMDhiQuRHsqc+lg==",
      "dev": true,
      "requires": {
        "@types/estree": "0.0.39",
        "estree-walker": "^1.0.1",
        "picomatch": "^2.2.2"
      }
    },
    "@turf/bbox": {
      "version": "6.0.1",
      "resolved": "https://registry.npmjs.org/@turf/bbox/-/bbox-6.0.1.tgz",
      "integrity": "sha512-EGgaRLettBG25Iyx7VyUINsPpVj1x3nFQFiGS3ER8KCI1MximzNLsam3eXRabqQDjyAKyAE1bJ4EZEpGvspQxw==",
      "requires": {
        "@turf/helpers": "6.x",
        "@turf/meta": "6.x"
      }
    },
    "@turf/helpers": {
      "version": "6.1.4",
      "resolved": "https://registry.npmjs.org/@turf/helpers/-/helpers-6.1.4.tgz",
      "integrity": "sha512-vJvrdOZy1ngC7r3MDA7zIGSoIgyrkWcGnNIEaqn/APmw+bVLF2gAW7HIsdTxd12s5wQMqEpqIQrmrbRRZ0xC7g=="
    },
    "@turf/invariant": {
      "version": "6.1.2",
      "resolved": "https://registry.npmjs.org/@turf/invariant/-/invariant-6.1.2.tgz",
      "integrity": "sha512-WU08Ph8j0J2jVGlQCKChXoCtI50BB3yEH21V++V0T4cR1T27HKCxkehV2sYMwTierfMBgjwSwDIsxnR4/2mWXg==",
      "requires": {
        "@turf/helpers": "6.x"
      }
    },
    "@turf/kinks": {
      "version": "6.0.0",
      "resolved": "https://registry.npmjs.org/@turf/kinks/-/kinks-6.0.0.tgz",
      "integrity": "sha512-X2xk3+Sr9aeu51t1vBa7Iwowvjxcbl5fePLIo/dDOU4j5WeFoqGCto+DdEHQcC3y8HVUin4i8GaHVaM9sVTphg==",
      "requires": {
        "@turf/helpers": "6.x"
      }
    },
    "@turf/line-intersect": {
      "version": "6.0.2",
      "resolved": "https://registry.npmjs.org/@turf/line-intersect/-/line-intersect-6.0.2.tgz",
      "integrity": "sha512-pfL/lBu7ukBPdTjvSCmcNUzZ83V4R95htwqs5NqU8zeS4R+5KTwacbrOYKztjpmHBwUmPEIIpSbqkUoD0Fp7kg==",
      "requires": {
        "@turf/helpers": "6.x",
        "@turf/invariant": "6.x",
        "@turf/line-segment": "6.x",
        "@turf/meta": "6.x",
        "geojson-rbush": "3.x"
      }
    },
    "@turf/line-segment": {
      "version": "6.0.2",
      "resolved": "https://registry.npmjs.org/@turf/line-segment/-/line-segment-6.0.2.tgz",
      "integrity": "sha512-8AkzDHoNw3X68y115josal+lvdAi4b2P1K0YNTKGyLRBaUhPXVSuMBpMd53FRF1hYEb9UJgMbugF9ZE7m5L6zg==",
      "requires": {
        "@turf/helpers": "6.x",
        "@turf/invariant": "6.x",
        "@turf/meta": "6.x"
      }
    },
    "@turf/meta": {
      "version": "6.0.2",
      "resolved": "https://registry.npmjs.org/@turf/meta/-/meta-6.0.2.tgz",
      "integrity": "sha512-VA7HJkx7qF1l3+GNGkDVn2oXy4+QoLP6LktXAaZKjuT1JI0YESat7quUkbCMy4zP9lAUuvS4YMslLyTtr919FA==",
      "requires": {
        "@turf/helpers": "6.x"
      }
    },
    "@types/estree": {
      "version": "0.0.39",
      "resolved": "https://registry.npmjs.org/@types/estree/-/estree-0.0.39.tgz",
      "integrity": "sha512-EYNwp3bU+98cpU4lAWYYL7Zz+2gryWH1qbdDTidVd6hkiR6weksdbMadyXKXNPEkQFhXM+hVO9ZygomHXp+AIw==",
      "dev": true
    },
    "@types/node": {
      "version": "14.11.8",
      "resolved": "https://registry.npmjs.org/@types/node/-/node-14.11.8.tgz",
      "integrity": "sha512-KPcKqKm5UKDkaYPTuXSx8wEP7vE9GnuaXIZKijwRYcePpZFDVuy2a57LarFKiORbHOuTOOwYzxVxcUzsh2P2Pw==",
      "dev": true
    },
    "@types/resolve": {
      "version": "1.17.1",
      "resolved": "https://registry.npmjs.org/@types/resolve/-/resolve-1.17.1.tgz",
      "integrity": "sha512-yy7HuzQhj0dhGpD8RLXSZWEkLsV9ibvxvi6EiJ3bkqLAO1RGo0WbkWQiwpRlSFymTJRz0d3k5LM3kkx8ArDbLw==",
      "dev": true,
      "requires": {
        "@types/node": "*"
      }
    },
    "builtin-modules": {
      "version": "3.1.0",
      "resolved": "https://registry.npmjs.org/builtin-modules/-/builtin-modules-3.1.0.tgz",
      "integrity": "sha512-k0KL0aWZuBt2lrxrcASWDfwOLMnodeQjodT/1SxEQAXsHANgo6ZC/VEaSEHCXt7aSTZ4/4H5LKa+tBXmW7Vtvw==",
      "dev": true
    },
    "deepmerge": {
      "version": "4.2.2",
      "resolved": "https://registry.npmjs.org/deepmerge/-/deepmerge-4.2.2.tgz",
      "integrity": "sha512-FJ3UgI4gIl+PHZm53knsuSFpE+nESMr7M4v9QcgB7S63Kj/6WqMiFQJpBBYz1Pt+66bZpP3Q7Lye0Oo9MPKEdg==",
      "dev": true
    },
    "dotenv": {
      "version": "8.2.0",
      "resolved": "https://registry.npmjs.org/dotenv/-/dotenv-8.2.0.tgz",
      "integrity": "sha512-8sJ78ElpbDJBHNeBzUbUVLsqKdccaa/BXF1uPTw3GrvQTBgrQrtObr2mUrE38vzYd8cEv+m/JBfDLioYcfXoaw==",
      "dev": true
    },
    "estree-walker": {
      "version": "1.0.1",
      "resolved": "https://registry.npmjs.org/estree-walker/-/estree-walker-1.0.1.tgz",
      "integrity": "sha512-1fMXF3YP4pZZVozF8j/ZLfvnR8NSIljt56UhbZ5PeeDmmGHpgpdwQt7ITlGvYaQukCvuBRMLEiKiYC+oeIg4cg==",
      "dev": true
    },
    "fsevents": {
      "version": "2.1.3",
      "resolved": "https://registry.npmjs.org/fsevents/-/fsevents-2.1.3.tgz",
      "integrity": "sha512-Auw9a4AxqWpa9GUfj370BMPzzyncfBABW8Mab7BGWBYDj4Isgq+cDKtx0i6u9jcX9pQDnswsaaOTgTmA5pEjuQ==",
      "dev": true,
      "optional": true
    },
    "geojson-rbush": {
      "version": "3.1.2",
      "resolved": "https://registry.npmjs.org/geojson-rbush/-/geojson-rbush-3.1.2.tgz",
      "integrity": "sha512-grkfdg3HIeTjwTfiJe5FT8+fGU3fABCc+vRJDBwdQz9kkLF0Sbif2gs2JUzjewwgmnvLGy9fInySDeADoNuk7w==",
      "requires": {
        "@turf/bbox": "*",
        "@turf/helpers": "6.x",
        "@turf/meta": "6.x",
        "rbush": "^2.0.0"
      }
    },
    "is-module": {
      "version": "1.0.0",
      "resolved": "https://registry.npmjs.org/is-module/-/is-module-1.0.0.tgz",
      "integrity": "sha1-Mlj7afeMFNW4FdZkM2tM/7ZEFZE=",
      "dev": true
    },
    "is-reference": {
      "version": "1.2.1",
      "resolved": "https://registry.npmjs.org/is-reference/-/is-reference-1.2.1.tgz",
      "integrity": "sha512-U82MsXXiFIrjCK4otLT+o2NA2Cd2g5MLoOVXUZjIOhLurrRxpEXzI8O0KZHr3IjLvlAH1kTPYSuqer5T9ZVBKQ==",
      "dev": true,
      "requires": {
        "@types/estree": "*"
      }
    },
    "leaflet": {
      "version": "1.7.1",
      "resolved": "https://registry.npmjs.org/leaflet/-/leaflet-1.7.1.tgz",
      "integrity": "sha512-/xwPEBidtg69Q3HlqPdU3DnrXQOvQU/CCHA1tcDQVzOwm91YMYaILjNp7L4Eaw5Z4sOYdbBz6koWyibppd8Zqw=="
    },
    "leaflet.fullscreen": {
      "version": "1.6.0",
      "resolved": "https://registry.npmjs.org/leaflet.fullscreen/-/leaflet.fullscreen-1.6.0.tgz",
      "integrity": "sha512-Mr6STMeyKSfJ1CsKFcPZOm425LOe0c/6EHh0AK93GiTvteTAMFmO/oFDNe+0p1mk4+8yeGLcYgaXTSzPveEGhA=="
    },
    "lodash": {
      "version": "4.17.20",
      "resolved": "https://registry.npmjs.org/lodash/-/lodash-4.17.20.tgz",
      "integrity": "sha512-PlhdFcillOINfeV7Ni6oF1TAEayyZBoZ8bcshTHqOYJYlrqzRK5hagpagky5o4HfCzzd1TRkXPMFq6cKk9rGmA=="
    },
    "magic-string": {
      "version": "0.25.7",
      "resolved": "https://registry.npmjs.org/magic-string/-/magic-string-0.25.7.tgz",
      "integrity": "sha512-4CrMT5DOHTDk4HYDlzmwu4FVCcIYI8gauveasrdCu2IKIFOJ3f0v/8MDGJCDL9oD2ppz/Av1b0Nj345H9M+XIA==",
      "dev": true,
      "requires": {
        "sourcemap-codec": "^1.4.4"
      }
    },
    "path-parse": {
      "version": "1.0.6",
      "resolved": "https://registry.npmjs.org/path-parse/-/path-parse-1.0.6.tgz",
      "integrity": "sha512-GSmOT2EbHrINBf9SR7CDELwlJ8AENk3Qn7OikK4nFYAu3Ote2+JYNVvkpAEQm3/TLNEJFD/xZJjzyxg3KBWOzw==",
      "dev": true
    },
    "picomatch": {
      "version": "2.2.2",
      "resolved": "https://registry.npmjs.org/picomatch/-/picomatch-2.2.2.tgz",
      "integrity": "sha512-q0M/9eZHzmr0AulXyPwNfZjtwZ/RBZlbN3K3CErVrk50T2ASYI7Bye0EvekFY3IP1Nt2DHu0re+V2ZHIpMkuWg==",
      "dev": true
    },
    "polygon-clipping": {
      "version": "0.15.1",
      "resolved": "https://registry.npmjs.org/polygon-clipping/-/polygon-clipping-0.15.1.tgz",
      "integrity": "sha512-6tvqlvuSu+CLe0RtS51sG43iU31h4zwyLAESMW/Kv+iNb62lSwxvGJhlLNduS4JTtX3mtBrg8Bbl/QCpC2I+hA==",
      "requires": {
        "splaytree": "^3.0.1"
      }
    },
    "quickselect": {
      "version": "1.1.1",
      "resolved": "https://registry.npmjs.org/quickselect/-/quickselect-1.1.1.tgz",
      "integrity": "sha512-qN0Gqdw4c4KGPsBOQafj6yj/PA6c/L63f6CaZ/DCF/xF4Esu3jVmKLUDYxghFx8Kb/O7y9tI7x2RjTSXwdK1iQ=="
    },
    "rbush": {
      "version": "2.0.2",
      "resolved": "https://registry.npmjs.org/rbush/-/rbush-2.0.2.tgz",
      "integrity": "sha512-XBOuALcTm+O/H8G90b6pzu6nX6v2zCKiFG4BJho8a+bY6AER6t8uQUZdi5bomQc0AprCWhEGa7ncAbbRap0bRA==",
      "requires": {
        "quickselect": "^1.0.1"
      }
    },
    "resolve": {
      "version": "1.17.0",
      "resolved": "https://registry.npmjs.org/resolve/-/resolve-1.17.0.tgz",
      "integrity": "sha512-ic+7JYiV8Vi2yzQGFWOkiZD5Z9z7O2Zhm9XMaTxdJExKasieFCr+yXZ/WmXsckHiKl12ar0y6XiXDx3m4RHn1w==",
      "dev": true,
      "requires": {
        "path-parse": "^1.0.6"
      }
    },
    "rollup": {
      "version": "2.29.0",
      "resolved": "https://registry.npmjs.org/rollup/-/rollup-2.29.0.tgz",
      "integrity": "sha512-gtU0sjxMpsVlpuAf4QXienPmUAhd6Kc7owQ4f5lypoxBW18fw2UNYZ4NssLGsri6WhUZkE/Ts3EMRebN+gNLiQ==",
      "dev": true,
      "requires": {
        "fsevents": "~2.1.2"
      }
    },
    "rollup-plugin-commonjs": {
      "version": "10.1.0",
      "resolved": "https://registry.npmjs.org/rollup-plugin-commonjs/-/rollup-plugin-commonjs-10.1.0.tgz",
      "integrity": "sha512-jlXbjZSQg8EIeAAvepNwhJj++qJWNJw1Cl0YnOqKtP5Djx+fFGkp3WRh+W0ASCaFG5w1jhmzDxgu3SJuVxPF4Q==",
      "dev": true,
      "requires": {
        "estree-walker": "^0.6.1",
        "is-reference": "^1.1.2",
        "magic-string": "^0.25.2",
        "resolve": "^1.11.0",
        "rollup-pluginutils": "^2.8.1"
      },
      "dependencies": {
        "estree-walker": {
          "version": "0.6.1",
          "resolved": "https://registry.npmjs.org/estree-walker/-/estree-walker-0.6.1.tgz",
          "integrity": "sha512-SqmZANLWS0mnatqbSfRP5g8OXZC12Fgg1IwNtLsyHDzJizORW4khDfjPqJZsemPWBB2uqykUah5YpQ6epsqC/w==",
          "dev": true
        }
      }
    },
    "rollup-pluginutils": {
      "version": "2.8.2",
      "resolved": "https://registry.npmjs.org/rollup-pluginutils/-/rollup-pluginutils-2.8.2.tgz",
      "integrity": "sha512-EEp9NhnUkwY8aif6bxgovPHMoMoNr2FulJziTndpt5H9RdwC47GSGuII9XxpSdzVGM0GWrNPHV6ie1LTNJPaLQ==",
      "dev": true,
      "requires": {
        "estree-walker": "^0.6.1"
      },
      "dependencies": {
        "estree-walker": {
          "version": "0.6.1",
          "resolved": "https://registry.npmjs.org/estree-walker/-/estree-walker-0.6.1.tgz",
          "integrity": "sha512-SqmZANLWS0mnatqbSfRP5g8OXZC12Fgg1IwNtLsyHDzJizORW4khDfjPqJZsemPWBB2uqykUah5YpQ6epsqC/w==",
          "dev": true
        }
      }
    },
    "sourcemap-codec": {
      "version": "1.4.8",
      "resolved": "https://registry.npmjs.org/sourcemap-codec/-/sourcemap-codec-1.4.8.tgz",
      "integrity": "sha512-9NykojV5Uih4lgo5So5dtw+f0JgJX30KCNI8gwhz2J9A15wD0Ml6tjHKwf6fTSa6fAdVBdZeNOs9eJ71qCk8vA==",
      "dev": true
    },
    "splaytree": {
      "version": "3.0.1",
      "resolved": "https://registry.npmjs.org/splaytree/-/splaytree-3.0.1.tgz",
      "integrity": "sha512-WvQIHRDXLSVn72xjlIG/WGhv/4QO3m+iY2TpVdFRaXd1+/vkNlpkpw1QaNH5taghF9eWXDHWMWnzXyicR8d6ig=="
    }
  }
}
